
Microsoft Visual Studio Solution File, Format Version 12.00
# Visual Studio Version 16
VisualStudioVersion = 16.0.31911.196
MinimumVisualStudioVersion = 10.0.40219.1
Project("{FAE04EC0-301F-11D3-BF4B-00C04F79EFBC}") = "Application", "Application\Application.csproj", "{56501565-4AE5-4514-8B70-208F22A48A1F}"
EndProject
Project("{FAE04EC0-301F-11D3-BF4B-00C04F79EFBC}") = "ApplicationBusiness", "ApplicationBusiness\ApplicationBusiness.csproj", "{0353E754-A1D6-4DBE-8C8C-5D5A628E51AE}"
EndProject
Project("{FAE04EC0-301F-11D3-BF4B-00C04F79EFBC}") = "ApplicationData", "ApplicationData\ApplicationData.csproj", "{4BB219F6-CFEC-483E-9A6D-5D6FFD2DA797}"
EndProject
Project("{FAE04EC0-301F-11D3-BF4B-00C04F79EFBC}") = "ApplicationEntity", "ApplicationEntity\ApplicationEntity.csproj", "{5C8D6D01-A4F1-40E7-837B-CF15F8F566A6}"
EndProject
Global
	GlobalSection(SolutionConfigurationPlatforms) = preSolution
		Debug|Any CPU = Debug|Any CPU
		Release|Any CPU = Release|Any CPU
	EndGlobalSection
	GlobalSection(ProjectConfigurationPlatforms) = postSolution
		{56501565-4AE5-4514-8B70-208F22A48A1F}.Debug|Any CPU.ActiveCfg = Debug|Any CPU
		{56501565-4AE5-4514-8B70-208F22A48A1F}.Debug|Any CPU.Build.0 = Debug|Any CPU
		{56501565-4AE5-4514-8B70-208F22A48A1F}.Release|Any CPU.ActiveCfg = Release|Any CPU
		{56501565-4AE5-4514-8B70-208F22A48A1F}.Release|Any CPU.Build.0 = Release|Any CPU
		{0353E754-A1D6-4DBE-8C8C-5D5A628E51AE}.Debug|Any CPU.ActiveCfg = Debug|Any CPU
		{0353E754-A1D6-4DBE-8C8C-5D5A628E51AE}.Debug|Any CPU.Build.0 = Debug|Any CPU
		{0353E754-A1D6-4DBE-8C8C-5D5A628E51AE}.Release|Any CPU.ActiveCfg = Release|Any CPU
		{0353E754-A1D6-4DBE-8C8C-5D5A628E51AE}.Release|Any CPU.Build.0 = Release|Any CPU
		{4BB219F6-CFEC-483E-9A6D-5D6FFD2DA797}.Debug|Any CPU.ActiveCfg = Debug|Any CPU
		{4BB219F6-CFEC-483E-9A6D-5D6FFD2DA797}.Debug|Any CPU.Build.0 = Debug|Any CPU
		{4BB219F6-CFEC-483E-9A6D-5D6FFD2DA797}.Release|Any CPU.ActiveCfg = Release|Any CPU
		{4BB219F6-CFEC-483E-9A6D-5D6FFD2DA797}.Release|Any CPU.Build.0 = Release|Any CPU
		{5C8D6D01-A4F1-40E7-837B-CF15F8F566A6}.Debug|Any CPU.ActiveCfg = Debug|Any CPU
		{5C8D6D01-A4F1-40E7-837B-CF15F8F566A6}.Debug|Any CPU.Build.0 = Debug|Any CPU
		{5C8D6D01-A4F1-40E7-837B-CF15F8F566A6}.Release|Any CPU.ActiveCfg = Release|Any CPU
		{5C8D6D01-A4F1-40E7-837B-CF15F8F566A6}.Release|Any CPU.Build.0 = Release|Any CPU
	EndGlobalSection
	GlobalSection(SolutionProperties) = preSolution
		HideSolutionNode = FALSE
	EndGlobalSection
	GlobalSection(ExtensibilityGlobals) = postSolution
		SolutionGuid = {316AB4CF-7D82-4A0E-9A33-6A2BCA969304}
	EndGlobalSection
EndGlobal
