
Microsoft Visual Studio Solution File, Format Version 12.00
# Visual Studio Version 16
VisualStudioVersion = 16.0.31911.196
MinimumVisualStudioVersion = 10.0.40219.1
Project("{FAE04EC0-301F-11D3-BF4B-00C04F79EFBC}") = "CarAssemble", "CarAssemble\CarAssemble.csproj", "{A7522C4D-B197-4B7D-A359-E24BD1397BF5}"
EndProject
Global
	GlobalSection(SolutionConfigurationPlatforms) = preSolution
		Debug|Any CPU = Debug|Any CPU
		Release|Any CPU = Release|Any CPU
	EndGlobalSection
	GlobalSection(ProjectConfigurationPlatforms) = postSolution
		{A7522C4D-B197-4B7D-A359-E24BD1397BF5}.Debug|Any CPU.ActiveCfg = Debug|Any CPU
		{A7522C4D-B197-4B7D-A359-E24BD1397BF5}.Debug|Any CPU.Build.0 = Debug|Any CPU
		{A7522C4D-B197-4B7D-A359-E24BD1397BF5}.Release|Any CPU.ActiveCfg = Release|Any CPU
		{A7522C4D-B197-4B7D-A359-E24BD1397BF5}.Release|Any CPU.Build.0 = Release|Any CPU
	EndGlobalSection
	GlobalSection(SolutionProperties) = preSolution
		HideSolutionNode = FALSE
	EndGlobalSection
	GlobalSection(ExtensibilityGlobals) = postSolution
		SolutionGuid = {AEC80D4E-9C44-4BB7-8426-6DD0B6637379}
	EndGlobalSection
EndGlobal
