
Microsoft Visual Studio Solution File, Format Version 12.00
# Visual Studio Version 16
VisualStudioVersion = 16.0.31911.196
MinimumVisualStudioVersion = 10.0.40219.1
Project("{FAE04EC0-301F-11D3-BF4B-00C04F79EFBC}") = "Delegate", "Delegate\Delegate.csproj", "{51882DB7-6E42-4700-A012-B44713102F0D}"
EndProject
Global
	GlobalSection(SolutionConfigurationPlatforms) = preSolution
		Debug|Any CPU = Debug|Any CPU
		Release|Any CPU = Release|Any CPU
	EndGlobalSection
	GlobalSection(ProjectConfigurationPlatforms) = postSolution
		{51882DB7-6E42-4700-A012-B44713102F0D}.Debug|Any CPU.ActiveCfg = Debug|Any CPU
		{51882DB7-6E42-4700-A012-B44713102F0D}.Debug|Any CPU.Build.0 = Debug|Any CPU
		{51882DB7-6E42-4700-A012-B44713102F0D}.Release|Any CPU.ActiveCfg = Release|Any CPU
		{51882DB7-6E42-4700-A012-B44713102F0D}.Release|Any CPU.Build.0 = Release|Any CPU
	EndGlobalSection
	GlobalSection(SolutionProperties) = preSolution
		HideSolutionNode = FALSE
	EndGlobalSection
	GlobalSection(ExtensibilityGlobals) = postSolution
		SolutionGuid = {F51732E2-4E62-4FC7-81B1-080C0AC67F9F}
	EndGlobalSection
EndGlobal
