
Microsoft Visual Studio Solution File, Format Version 12.00
# Visual Studio Version 16
VisualStudioVersion = 16.0.31911.196
MinimumVisualStudioVersion = 10.0.40219.1
Project("{FAE04EC0-301F-11D3-BF4B-00C04F79EFBC}") = "ConsoleApp9", "ConsoleApp9\ConsoleApp9.csproj", "{4829C15C-F40E-4EA3-B530-E9A4220A0B0B}"
EndProject
Global
	GlobalSection(SolutionConfigurationPlatforms) = preSolution
		Debug|Any CPU = Debug|Any CPU
		Release|Any CPU = Release|Any CPU
	EndGlobalSection
	GlobalSection(ProjectConfigurationPlatforms) = postSolution
		{4829C15C-F40E-4EA3-B530-E9A4220A0B0B}.Debug|Any CPU.ActiveCfg = Debug|Any CPU
		{4829C15C-F40E-4EA3-B530-E9A4220A0B0B}.Debug|Any CPU.Build.0 = Debug|Any CPU
		{4829C15C-F40E-4EA3-B530-E9A4220A0B0B}.Release|Any CPU.ActiveCfg = Release|Any CPU
		{4829C15C-F40E-4EA3-B530-E9A4220A0B0B}.Release|Any CPU.Build.0 = Release|Any CPU
	EndGlobalSection
	GlobalSection(SolutionProperties) = preSolution
		HideSolutionNode = FALSE
	EndGlobalSection
	GlobalSection(ExtensibilityGlobals) = postSolution
		SolutionGuid = {E1D56E55-9D78-4BCC-99A8-8FDB804A295C}
	EndGlobalSection
EndGlobal
