
Microsoft Visual Studio Solution File, Format Version 12.00
# Visual Studio Version 16
VisualStudioVersion = 16.0.31911.196
MinimumVisualStudioVersion = 10.0.40219.1
Project("{FAE04EC0-301F-11D3-BF4B-00C04F79EFBC}") = "ConsoleApp5", "ConsoleApp5\ConsoleApp5.csproj", "{5BF38156-43F5-4003-88F8-53ADBDF68A92}"
EndProject
Global
	GlobalSection(SolutionConfigurationPlatforms) = preSolution
		Debug|Any CPU = Debug|Any CPU
		Release|Any CPU = Release|Any CPU
	EndGlobalSection
	GlobalSection(ProjectConfigurationPlatforms) = postSolution
		{5BF38156-43F5-4003-88F8-53ADBDF68A92}.Debug|Any CPU.ActiveCfg = Debug|Any CPU
		{5BF38156-43F5-4003-88F8-53ADBDF68A92}.Debug|Any CPU.Build.0 = Debug|Any CPU
		{5BF38156-43F5-4003-88F8-53ADBDF68A92}.Release|Any CPU.ActiveCfg = Release|Any CPU
		{5BF38156-43F5-4003-88F8-53ADBDF68A92}.Release|Any CPU.Build.0 = Release|Any CPU
	EndGlobalSection
	GlobalSection(SolutionProperties) = preSolution
		HideSolutionNode = FALSE
	EndGlobalSection
	GlobalSection(ExtensibilityGlobals) = postSolution
		SolutionGuid = {0DA3E4F5-DF6E-4D9E-B1C3-BEA1AF668EE1}
	EndGlobalSection
EndGlobal
