
Microsoft Visual Studio Solution File, Format Version 12.00
# Visual Studio Version 16
VisualStudioVersion = 16.0.31911.196
MinimumVisualStudioVersion = 10.0.40219.1
Project("{FAE04EC0-301F-11D3-BF4B-00C04F79EFBC}") = "Course", "Course\Course.csproj", "{48CF7FCD-B283-48D4-9C0E-6C6EFCC8E93F}"
EndProject
Global
	GlobalSection(SolutionConfigurationPlatforms) = preSolution
		Debug|Any CPU = Debug|Any CPU
		Release|Any CPU = Release|Any CPU
	EndGlobalSection
	GlobalSection(ProjectConfigurationPlatforms) = postSolution
		{48CF7FCD-B283-48D4-9C0E-6C6EFCC8E93F}.Debug|Any CPU.ActiveCfg = Debug|Any CPU
		{48CF7FCD-B283-48D4-9C0E-6C6EFCC8E93F}.Debug|Any CPU.Build.0 = Debug|Any CPU
		{48CF7FCD-B283-48D4-9C0E-6C6EFCC8E93F}.Release|Any CPU.ActiveCfg = Release|Any CPU
		{48CF7FCD-B283-48D4-9C0E-6C6EFCC8E93F}.Release|Any CPU.Build.0 = Release|Any CPU
	EndGlobalSection
	GlobalSection(SolutionProperties) = preSolution
		HideSolutionNode = FALSE
	EndGlobalSection
	GlobalSection(ExtensibilityGlobals) = postSolution
		SolutionGuid = {39D3EDE1-A140-4E19-AA57-36DDE04CBF35}
	EndGlobalSection
EndGlobal
